// !$*UTF8*$!
{
	archiveVersion = 1;
	classes = {
	};
	objectVersion = 77;
	objects = {

/* Begin PBXBuildFile section */
		6C23B0742ED4E122008036DF /* WidgetKit.framework in Frameworks */ = {isa = PBXBuildFile; fileRef = 6C6718432ED11D0900E3660F /* WidgetKit.framework */; };
		6C23B0752ED4E122008036DF /* SwiftUI.framework in Frameworks */ = {isa = PBXBuildFile; fileRef = 6C6718452ED11D0900E3660F /* SwiftUI.framework */; };
		6C23B0822ED4E123008036DF /* AriumWatchWidgetExtension.appex in Embed Foundation Extensions */ = {isa = PBXBuildFile; fileRef = 6C23B0732ED4E122008036DF /* AriumWatchWidgetExtension.appex */; settings = {ATTRIBUTES = (RemoveHeadersOnCopy, ); }; };
		6C3BDA522EECC11E00209295 /* Lottie in Frameworks */ = {isa = PBXBuildFile; productRef = 6C3BDA512EECC11E00209295 /* Lottie */; };
		6C3F9E512ED3BF2600C352F8 /* AriumStoreKit.storekit in Resources */ = {isa = PBXBuildFile; fileRef = 6C3F9E502ED3BF2600C352F8 /* AriumStoreKit.storekit */; };
		6C5C415D2ED39E0700332FC9 /* AriumWidgetExtension.appex in Embed Foundation Extensions */ = {isa = PBXBuildFile; fileRef = 6C6718412ED11D0900E3660F /* AriumWidgetExtension.appex */; settings = {ATTRIBUTES = (RemoveHeadersOnCopy, ); }; };
		6C6718442ED11D0900E3660F /* WidgetKit.framework in Frameworks */ = {isa = PBXBuildFile; fileRef = 6C6718432ED11D0900E3660F /* WidgetKit.framework */; };
		6C6718462ED11D0900E3660F /* SwiftUI.framework in Frameworks */ = {isa = PBXBuildFile; fileRef = 6C6718452ED11D0900E3660F /* SwiftUI.framework */; };
		6C671E8F2ED2592E00E3660F /* AriumWatch Watch App.app in Embed Watch Content */ = {isa = PBXBuildFile; fileRef = 6C6718632ED11E2700E3660F /* AriumWatch Watch App.app */; settings = {ATTRIBUTES = (RemoveHeadersOnCopy, ); }; };
/* End PBXBuildFile section */

/* Begin PBXContainerItemProxy section */
		6C23B0802ED4E123008036DF /* PBXContainerItemProxy */ = {
			isa = PBXContainerItemProxy;
			containerPortal = 6C6717AF2ED0FC7800E3660F /* Project object */;
			proxyType = 1;
			remoteGlobalIDString = 6C23B0722ED4E122008036DF;
			remoteInfo = AriumWatchWidgetExtension;
		};
		6C5C415E2ED39E0700332FC9 /* PBXContainerItemProxy */ = {
			isa = PBXContainerItemProxy;
			containerPortal = 6C6717AF2ED0FC7800E3660F /* Project object */;
			proxyType = 1;
			remoteGlobalIDString = 6C6718402ED11D0900E3660F;
			remoteInfo = AriumWidgetExtension;
		};
		6C6717C52ED0FC7900E3660F /* PBXContainerItemProxy */ = {
			isa = PBXContainerItemProxy;
			containerPortal = 6C6717AF2ED0FC7800E3660F /* Project object */;
			proxyType = 1;
			remoteGlobalIDString = 6C6717B62ED0FC7800E3660F;
			remoteInfo = Arium;
		};
		6C6717CF2ED0FC7900E3660F /* PBXContainerItemProxy */ = {
			isa = PBXContainerItemProxy;
			containerPortal = 6C6717AF2ED0FC7800E3660F /* Project object */;
			proxyType = 1;
			remoteGlobalIDString = 6C6717B62ED0FC7800E3660F;
			remoteInfo = Arium;
		};
		6C6718652ED11E2700E3660F /* PBXContainerItemProxy */ = {
			isa = PBXContainerItemProxy;
			containerPortal = 6C6717AF2ED0FC7800E3660F /* Project object */;
			proxyType = 1;
			remoteGlobalIDString = 6C6718622ED11E2700E3660F;
			remoteInfo = "AriumWatch Watch App";
		};
		6C6718732ED11E2800E3660F /* PBXContainerItemProxy */ = {
			isa = PBXContainerItemProxy;
			containerPortal = 6C6717AF2ED0FC7800E3660F /* Project object */;
			proxyType = 1;
			remoteGlobalIDString = 6C6718622ED11E2700E3660F;
			remoteInfo = "AriumWatch Watch App";
		};
		6C67187D2ED11E2800E3660F /* PBXContainerItemProxy */ = {
			isa = PBXContainerItemProxy;
			containerPortal = 6C6717AF2ED0FC7800E3660F /* Project object */;
			proxyType = 1;
			remoteGlobalIDString = 6C6718622ED11E2700E3660F;
			remoteInfo = "AriumWatch Watch App";
		};
		6C671E902ED2592E00E3660F /* PBXContainerItemProxy */ = {
			isa = PBXContainerItemProxy;
			containerPortal = 6C6717AF2ED0FC7800E3660F /* Project object */;
			proxyType = 1;
			remoteGlobalIDString = 6C6718622ED11E2700E3660F;
			remoteInfo = "AriumWatch Watch App";
		};
		6C671E932ED2593900E3660F /* PBXContainerItemProxy */ = {
			isa = PBXContainerItemProxy;
			containerPortal = 6C6717AF2ED0FC7800E3660F /* Project object */;
			proxyType = 1;
			remoteGlobalIDString = 6C6718622ED11E2700E3660F;
			remoteInfo = "AriumWatch Watch App";
		};
		6C671E952ED2594900E3660F /* PBXContainerItemProxy */ = {
			isa = PBXContainerItemProxy;
			containerPortal = 6C6717AF2ED0FC7800E3660F /* Project object */;
			proxyType = 1;
			remoteGlobalIDString = 6C6718622ED11E2700E3660F;
			remoteInfo = "AriumWatch Watch App";
		};
/* End PBXContainerItemProxy section */

/* Begin PBXCopyFilesBuildPhase section */
		6C23B0832ED4E123008036DF /* Embed Foundation Extensions */ = {
			isa = PBXCopyFilesBuildPhase;
			buildActionMask = 2147483647;
			dstPath = "";
			dstSubfolderSpec = 13;
			files = (
				6C23B0822ED4E123008036DF /* AriumWatchWidgetExtension.appex in Embed Foundation Extensions */,
			);
			name = "Embed Foundation Extensions";
			runOnlyForDeploymentPostprocessing = 0;
		};
		6C5C41602ED39E0700332FC9 /* Embed Foundation Extensions */ = {
			isa = PBXCopyFilesBuildPhase;
			buildActionMask = 2147483647;
			dstPath = "";
			dstSubfolderSpec = 13;
			files = (
				6C5C415D2ED39E0700332FC9 /* AriumWidgetExtension.appex in Embed Foundation Extensions */,
			);
			name = "Embed Foundation Extensions";
			runOnlyForDeploymentPostprocessing = 0;
		};
		6C6718872ED11E2800E3660F /* Embed Watch Content */ = {
			isa = PBXCopyFilesBuildPhase;
			buildActionMask = 2147483647;
			dstPath = "$(CONTENTS_FOLDER_PATH)/Watch";
			dstSubfolderSpec = 16;
			files = (
			);
			name = "Embed Watch Content";
			runOnlyForDeploymentPostprocessing = 0;
		};
		6C671E922ED2592E00E3660F /* Embed Watch Content */ = {
			isa = PBXCopyFilesBuildPhase;
			buildActionMask = 2147483647;
			dstPath = "$(CONTENTS_FOLDER_PATH)/Watch";
			dstSubfolderSpec = 16;
			files = (
				6C671E8F2ED2592E00E3660F /* AriumWatch Watch App.app in Embed Watch Content */,
			);
			name = "Embed Watch Content";
			runOnlyForDeploymentPostprocessing = 0;
		};
/* End PBXCopyFilesBuildPhase section */

/* Begin PBXFileReference section */
		6C23B0732ED4E122008036DF /* AriumWatchWidgetExtension.appex */ = {isa = PBXFileReference; explicitFileType = "wrapper.app-extension"; includeInIndex = 0; path = AriumWatchWidgetExtension.appex; sourceTree = BUILT_PRODUCTS_DIR; };
		6C23B86C2ED4ED4E008036DF /* AriumWatchWidgetExtension.entitlements */ = {isa = PBXFileReference; lastKnownFileType = text.plist.entitlements; path = AriumWatchWidgetExtension.entitlements; sourceTree = "<group>"; };
		6C3F9E502ED3BF2600C352F8 /* AriumStoreKit.storekit */ = {isa = PBXFileReference; lastKnownFileType = text; path = AriumStoreKit.storekit; sourceTree = "<group>"; };
		6C6717B72ED0FC7800E3660F /* Arium.app */ = {isa = PBXFileReference; explicitFileType = wrapper.application; includeInIndex = 0; path = Arium.app; sourceTree = BUILT_PRODUCTS_DIR; };
		6C6717C42ED0FC7900E3660F /* AriumTests.xctest */ = {isa = PBXFileReference; explicitFileType = wrapper.cfbundle; includeInIndex = 0; path = AriumTests.xctest; sourceTree = BUILT_PRODUCTS_DIR; };
		6C6717CE2ED0FC7900E3660F /* AriumUITests.xctest */ = {isa = PBXFileReference; explicitFileType = wrapper.cfbundle; includeInIndex = 0; path = AriumUITests.xctest; sourceTree = BUILT_PRODUCTS_DIR; };
		6C6718412ED11D0900E3660F /* AriumWidgetExtension.appex */ = {isa = PBXFileReference; explicitFileType = "wrapper.app-extension"; includeInIndex = 0; path = AriumWidgetExtension.appex; sourceTree = BUILT_PRODUCTS_DIR; };
		6C6718432ED11D0900E3660F /* WidgetKit.framework */ = {isa = PBXFileReference; lastKnownFileType = wrapper.framework; name = WidgetKit.framework; path = System/Library/Frameworks/WidgetKit.framework; sourceTree = SDKROOT; };
		6C6718452ED11D0900E3660F /* SwiftUI.framework */ = {isa = PBXFileReference; lastKnownFileType = wrapper.framework; name = SwiftUI.framework; path = System/Library/Frameworks/SwiftUI.framework; sourceTree = SDKROOT; };
		6C67185E2ED11E2700E3660F /* AriumWatch.app */ = {isa = PBXFileReference; explicitFileType = wrapper.application; includeInIndex = 0; path = AriumWatch.app; sourceTree = BUILT_PRODUCTS_DIR; };
		6C6718632ED11E2700E3660F /* AriumWatch Watch App.app */ = {isa = PBXFileReference; explicitFileType = wrapper.application; includeInIndex = 0; path = "AriumWatch Watch App.app"; sourceTree = BUILT_PRODUCTS_DIR; };
		6C6718722ED11E2800E3660F /* AriumWatch Watch AppTests.xctest */ = {isa = PBXFileReference; explicitFileType = wrapper.cfbundle; includeInIndex = 0; path = "AriumWatch Watch AppTests.xctest"; sourceTree = BUILT_PRODUCTS_DIR; };
		6C67187C2ED11E2800E3660F /* AriumWatch Watch AppUITests.xctest */ = {isa = PBXFileReference; explicitFileType = wrapper.cfbundle; includeInIndex = 0; path = "AriumWatch Watch AppUITests.xctest"; sourceTree = BUILT_PRODUCTS_DIR; };
/* End PBXFileReference section */

/* Begin PBXFileSystemSynchronizedBuildFileExceptionSet section */
		6C1E973F2ED3995C00CEA9D9 /* Exceptions for "Arium" folder in "AriumWidgetExtension" target */ = {
			isa = PBXFileSystemSynchronizedBuildFileExceptionSet;
			membershipExceptions = (
				"DancingScript-VariableFont_wght.ttf",
				Models/Habit.swift,
				Models/HabitCategory.swift,
				Models/HabitTheme.swift,
				Utils/DateExtensions.swift,
				Utils/L10n.swift,
			);
			target = 6C6718402ED11D0900E3660F /* AriumWidgetExtension */;
		};
		6C23B0872ED4E123008036DF /* Exceptions for "AriumWatchWidget" folder in "AriumWatchWidgetExtension" target */ = {
			isa = PBXFileSystemSynchronizedBuildFileExceptionSet;
			membershipExceptions = (
				Info.plist,
			);
			target = 6C23B0722ED4E122008036DF /* AriumWatchWidgetExtension */;
		};
		6C23B0892ED4E12D008036DF /* Exceptions for "Arium" folder in "AriumWatchWidgetExtension" target */ = {
			isa = PBXFileSystemSynchronizedBuildFileExceptionSet;
			membershipExceptions = (
				Models/Habit.swift,
				Models/HabitCategory.swift,
				Models/HabitTheme.swift,
				Utils/DateExtensions.swift,
				Utils/L10n.swift,
			);
			target = 6C23B0722ED4E122008036DF /* AriumWatchWidgetExtension */;
		};
		6C3F9E372ED39FDF00C352F8 /* Exceptions for "AriumWidget" folder in "AriumWidgetExtension" target */ = {
			isa = PBXFileSystemSynchronizedBuildFileExceptionSet;
			membershipExceptions = (
				Info.plist,
			);
			target = 6C6718402ED11D0900E3660F /* AriumWidgetExtension */;
		};
		6C671E8A2ED2584200E3660F /* Exceptions for "Arium" folder in "AriumWatch Watch App" target */ = {
			isa = PBXFileSystemSynchronizedBuildFileExceptionSet;
			membershipExceptions = (
				Models/Habit.swift,
				Models/HabitCategory.swift,
				Models/HabitTheme.swift,
				Utils/DateExtensions.swift,
				Utils/L10n.swift,
			);
			target = 6C6718622ED11E2700E3660F /* AriumWatch Watch App */;
		};
/* End PBXFileSystemSynchronizedBuildFileExceptionSet section */

/* Begin PBXFileSystemSynchronizedRootGroup section */
		6C23B0762ED4E122008036DF /* AriumWatchWidget */ = {
			isa = PBXFileSystemSynchronizedRootGroup;
			exceptions = (
				6C23B0872ED4E123008036DF /* Exceptions for "AriumWatchWidget" folder in "AriumWatchWidgetExtension" target */,
			);
			path = AriumWatchWidget;
			sourceTree = "<group>";
		};
		6C6717B92ED0FC7800E3660F /* Arium */ = {
			isa = PBXFileSystemSynchronizedRootGroup;
			exceptions = (
				6C1E973F2ED3995C00CEA9D9 /* Exceptions for "Arium" folder in "AriumWidgetExtension" target */,
				6C671E8A2ED2584200E3660F /* Exceptions for "Arium" folder in "AriumWatch Watch App" target */,
				6C23B0892ED4E12D008036DF /* Exceptions for "Arium" folder in "AriumWatchWidgetExtension" target */,
			);
			path = Arium;
			sourceTree = "<group>";
		};
		6C6717C72ED0FC7900E3660F /* AriumTests */ = {
			isa = PBXFileSystemSynchronizedRootGroup;
			path = AriumTests;
			sourceTree = "<group>";
		};
		6C6717D12ED0FC7900E3660F /* AriumUITests */ = {
			isa = PBXFileSystemSynchronizedRootGroup;
			path = AriumUITests;
			sourceTree = "<group>";
		};
		6C6718472ED11D0900E3660F /* AriumWidget */ = {
			isa = PBXFileSystemSynchronizedRootGroup;
			exceptions = (
				6C3F9E372ED39FDF00C352F8 /* Exceptions for "AriumWidget" folder in "AriumWidgetExtension" target */,
			);
			path = AriumWidget;
			sourceTree = "<group>";
		};
		6C6718672ED11E2700E3660F /* AriumWatch Watch App */ = {
			isa = PBXFileSystemSynchronizedRootGroup;
			path = "AriumWatch Watch App";
			sourceTree = "<group>";
		};
		6C6718752ED11E2800E3660F /* AriumWatch Watch AppTests */ = {
			isa = PBXFileSystemSynchronizedRootGroup;
			path = "AriumWatch Watch AppTests";
			sourceTree = "<group>";
		};
		6C67187F2ED11E2800E3660F /* AriumWatch Watch AppUITests */ = {
			isa = PBXFileSystemSynchronizedRootGroup;
			path = "AriumWatch Watch AppUITests";
			sourceTree = "<group>";
		};
/* End PBXFileSystemSynchronizedRootGroup section */

/* Begin PBXFrameworksBuildPhase section */
		6C23B0702ED4E122008036DF /* Frameworks */ = {
			isa = PBXFrameworksBuildPhase;
			buildActionMask = 2147483647;
			files = (
				6C23B0752ED4E122008036DF /* SwiftUI.framework in Frameworks */,
				6C23B0742ED4E122008036DF /* WidgetKit.framework in Frameworks */,
			);
			runOnlyForDeploymentPostprocessing = 0;
		};
		6C6717B42ED0FC7800E3660F /* Frameworks */ = {
			isa = PBXFrameworksBuildPhase;
			buildActionMask = 2147483647;
			files = (
				6C3BDA522EECC11E00209295 /* Lottie in Frameworks */,
			);
			runOnlyForDeploymentPostprocessing = 0;
		};
		6C6717C12ED0FC7900E3660F /* Frameworks */ = {
			isa = PBXFrameworksBuildPhase;
			buildActionMask = 2147483647;
			files = (
			);
			runOnlyForDeploymentPostprocessing = 0;
		};
		6C6717CB2ED0FC7900E3660F /* Frameworks */ = {
			isa = PBXFrameworksBuildPhase;
			buildActionMask = 2147483647;
			files = (
			);
			runOnlyForDeploymentPostprocessing = 0;
		};
		6C67183E2ED11D0900E3660F /* Frameworks */ = {
			isa = PBXFrameworksBuildPhase;
			buildActionMask = 2147483647;
			files = (
				6C6718462ED11D0900E3660F /* SwiftUI.framework in Frameworks */,
				6C6718442ED11D0900E3660F /* WidgetKit.framework in Frameworks */,
			);
			runOnlyForDeploymentPostprocessing = 0;
		};
		6C6718602ED11E2700E3660F /* Frameworks */ = {
			isa = PBXFrameworksBuildPhase;
			buildActionMask = 2147483647;
			files = (
			);
			runOnlyForDeploymentPostprocessing = 0;
		};
		6C67186F2ED11E2800E3660F /* Frameworks */ = {
			isa = PBXFrameworksBuildPhase;
			buildActionMask = 2147483647;
			files = (
			);
			runOnlyForDeploymentPostprocessing = 0;
		};
		6C6718792ED11E2800E3660F /* Frameworks */ = {
			isa = PBXFrameworksBuildPhase;
			buildActionMask = 2147483647;
			files = (
			);
			runOnlyForDeploymentPostprocessing = 0;
		};
/* End PBXFrameworksBuildPhase section */

/* Begin PBXGroup section */
		6C6717AE2ED0FC7800E3660F = {
			isa = PBXGroup;
			children = (
				6C23B86C2ED4ED4E008036DF /* AriumWatchWidgetExtension.entitlements */,
				6C3F9E502ED3BF2600C352F8 /* AriumStoreKit.storekit */,
				6C6717B92ED0FC7800E3660F /* Arium */,
				6C6717C72ED0FC7900E3660F /* AriumTests */,
				6C6717D12ED0FC7900E3660F /* AriumUITests */,
				6C6718472ED11D0900E3660F /* AriumWidget */,
				6C6718672ED11E2700E3660F /* AriumWatch Watch App */,
				6C6718752ED11E2800E3660F /* AriumWatch Watch AppTests */,
				6C67187F2ED11E2800E3660F /* AriumWatch Watch AppUITests */,
				6C23B0762ED4E122008036DF /* AriumWatchWidget */,
				6C6718422ED11D0900E3660F /* Frameworks */,
				6C6717B82ED0FC7800E3660F /* Products */,
			);
			sourceTree = "<group>";
		};
		6C6717B82ED0FC7800E3660F /* Products */ = {
			isa = PBXGroup;
			children = (
				6C6717B72ED0FC7800E3660F /* Arium.app */,
				6C6717C42ED0FC7900E3660F /* AriumTests.xctest */,
				6C6717CE2ED0FC7900E3660F /* AriumUITests.xctest */,
				6C6718412ED11D0900E3660F /* AriumWidgetExtension.appex */,
				6C67185E2ED11E2700E3660F /* AriumWatch.app */,
				6C6718632ED11E2700E3660F /* AriumWatch Watch App.app */,
				6C6718722ED11E2800E3660F /* AriumWatch Watch AppTests.xctest */,
				6C67187C2ED11E2800E3660F /* AriumWatch Watch AppUITests.xctest */,
				6C23B0732ED4E122008036DF /* AriumWatchWidgetExtension.appex */,
			);
			name = Products;
			sourceTree = "<group>";
		};
		6C6718422ED11D0900E3660F /* Frameworks */ = {
			isa = PBXGroup;
			children = (
				6C6718432ED11D0900E3660F /* WidgetKit.framework */,
				6C6718452ED11D0900E3660F /* SwiftUI.framework */,
			);
			name = Frameworks;
			sourceTree = "<group>";
		};
/* End PBXGroup section */

/* Begin PBXNativeTarget section */
		6C23B0722ED4E122008036DF /* AriumWatchWidgetExtension */ = {
			isa = PBXNativeTarget;
			buildConfigurationList = 6C23B0862ED4E123008036DF /* Build configuration list for PBXNativeTarget "AriumWatchWidgetExtension" */;
			buildPhases = (
				6C23B06F2ED4E122008036DF /* Sources */,
				6C23B0702ED4E122008036DF /* Frameworks */,
				6C23B0712ED4E122008036DF /* Resources */,
			);
			buildRules = (
			);
			dependencies = (
			);
			fileSystemSynchronizedGroups = (
				6C23B0762ED4E122008036DF /* AriumWatchWidget */,
			);
			name = AriumWatchWidgetExtension;
			packageProductDependencies = (
			);
			productName = AriumWatchWidgetExtension;
			productReference = 6C23B0732ED4E122008036DF /* AriumWatchWidgetExtension.appex */;
			productType = "com.apple.product-type.app-extension";
		};
		6C6717B62ED0FC7800E3660F /* Arium */ = {
			isa = PBXNativeTarget;
			buildConfigurationList = 6C6717D82ED0FC7900E3660F /* Build configuration list for PBXNativeTarget "Arium" */;
			buildPhases = (
				6C6717B32ED0FC7800E3660F /* Sources */,
				6C6717B42ED0FC7800E3660F /* Frameworks */,
				6C6717B52ED0FC7800E3660F /* Resources */,
				6C671E922ED2592E00E3660F /* Embed Watch Content */,
				6C5C41602ED39E0700332FC9 /* Embed Foundation Extensions */,
			);
			buildRules = (
			);
			dependencies = (
				6C671E912ED2592E00E3660F /* PBXTargetDependency */,
				6C671E942ED2593900E3660F /* PBXTargetDependency */,
				6C671E962ED2594900E3660F /* PBXTargetDependency */,
				6C5C415F2ED39E0700332FC9 /* PBXTargetDependency */,
			);
			fileSystemSynchronizedGroups = (
				6C6717B92ED0FC7800E3660F /* Arium */,
			);
			name = Arium;
			packageProductDependencies = (
				6C3BDA512EECC11E00209295 /* Lottie */,
			);
			productName = Arium;
			productReference = 6C6717B72ED0FC7800E3660F /* Arium.app */;
			productType = "com.apple.product-type.application";
		};
		6C6717C32ED0FC7900E3660F /* AriumTests */ = {
			isa = PBXNativeTarget;
			buildConfigurationList = 6C6717DB2ED0FC7900E3660F /* Build configuration list for PBXNativeTarget "AriumTests" */;
			buildPhases = (
				6C6717C02ED0FC7900E3660F /* Sources */,
				6C6717C12ED0FC7900E3660F /* Frameworks */,
				6C6717C22ED0FC7900E3660F /* Resources */,
			);
			buildRules = (
			);
			dependencies = (
				6C6717C62ED0FC7900E3660F /* PBXTargetDependency */,
			);
			fileSystemSynchronizedGroups = (
				6C6717C72ED0FC7900E3660F /* AriumTests */,
			);
			name = AriumTests;
			packageProductDependencies = (
			);
			productName = AriumTests;
			productReference = 6C6717C42ED0FC7900E3660F /* AriumTests.xctest */;
			productType = "com.apple.product-type.bundle.unit-test";
		};
		6C6717CD2ED0FC7900E3660F /* AriumUITests */ = {
			isa = PBXNativeTarget;
			buildConfigurationList = 6C6717DE2ED0FC7900E3660F /* Build configuration list for PBXNativeTarget "AriumUITests" */;
			buildPhases = (
				6C6717CA2ED0FC7900E3660F /* Sources */,
				6C6717CB2ED0FC7900E3660F /* Frameworks */,
				6C6717CC2ED0FC7900E3660F /* Resources */,
			);
			buildRules = (
			);
			dependencies = (
				6C6717D02ED0FC7900E3660F /* PBXTargetDependency */,
			);
			fileSystemSynchronizedGroups = (
				6C6717D12ED0FC7900E3660F /* AriumUITests */,
			);
			name = AriumUITests;
			packageProductDependencies = (
			);
			productName = AriumUITests;
			productReference = 6C6717CE2ED0FC7900E3660F /* AriumUITests.xctest */;
			productType = "com.apple.product-type.bundle.ui-testing";
		};
		6C6718402ED11D0900E3660F /* AriumWidgetExtension */ = {
			isa = PBXNativeTarget;
			buildConfigurationList = 6C6718572ED11D0A00E3660F /* Build configuration list for PBXNativeTarget "AriumWidgetExtension" */;
			buildPhases = (
				6C67183D2ED11D0900E3660F /* Sources */,
				6C67183E2ED11D0900E3660F /* Frameworks */,
				6C67183F2ED11D0900E3660F /* Resources */,
			);
			buildRules = (
			);
			dependencies = (
			);
			fileSystemSynchronizedGroups = (
				6C6718472ED11D0900E3660F /* AriumWidget */,
			);
			name = AriumWidgetExtension;
			packageProductDependencies = (
			);
			productName = AriumWidgetExtension;
			productReference = 6C6718412ED11D0900E3660F /* AriumWidgetExtension.appex */;
			productType = "com.apple.product-type.app-extension";
		};
		6C67185D2ED11E2700E3660F /* AriumWatch */ = {
			isa = PBXNativeTarget;
			buildConfigurationList = 6C6718882ED11E2800E3660F /* Build configuration list for PBXNativeTarget "AriumWatch" */;
			buildPhases = (
				6C67185C2ED11E2700E3660F /* Resources */,
				6C6718872ED11E2800E3660F /* Embed Watch Content */,
			);
			buildRules = (
			);
			dependencies = (
				6C6718662ED11E2700E3660F /* PBXTargetDependency */,
			);
			name = AriumWatch;
			packageProductDependencies = (
			);
			productName = AriumWatch;
			productReference = 6C67185E2ED11E2700E3660F /* AriumWatch.app */;
			productType = "com.apple.product-type.application.watchapp2-container";
		};
		6C6718622ED11E2700E3660F /* AriumWatch Watch App */ = {
			isa = PBXNativeTarget;
			buildConfigurationList = 6C6718842ED11E2800E3660F /* Build configuration list for PBXNativeTarget "AriumWatch Watch App" */;
			buildPhases = (
				6C67185F2ED11E2700E3660F /* Sources */,
				6C6718602ED11E2700E3660F /* Frameworks */,
				6C6718612ED11E2700E3660F /* Resources */,
				6C23B0832ED4E123008036DF /* Embed Foundation Extensions */,
			);
			buildRules = (
			);
			dependencies = (
				6C23B0812ED4E123008036DF /* PBXTargetDependency */,
			);
			fileSystemSynchronizedGroups = (
				6C6718672ED11E2700E3660F /* AriumWatch Watch App */,
			);
			name = "AriumWatch Watch App";
			packageProductDependencies = (
			);
			productName = "AriumWatch Watch App";
			productReference = 6C6718632ED11E2700E3660F /* AriumWatch Watch App.app */;
			productType = "com.apple.product-type.application";
		};
		6C6718712ED11E2800E3660F /* AriumWatch Watch AppTests */ = {
			isa = PBXNativeTarget;
			buildConfigurationList = 6C67188B2ED11E2800E3660F /* Build configuration list for PBXNativeTarget "AriumWatch Watch AppTests" */;
			buildPhases = (
				6C67186E2ED11E2800E3660F /* Sources */,
				6C67186F2ED11E2800E3660F /* Frameworks */,
				6C6718702ED11E2800E3660F /* Resources */,
			);
			buildRules = (
			);
			dependencies = (
				6C6718742ED11E2800E3660F /* PBXTargetDependency */,
			);
			fileSystemSynchronizedGroups = (
				6C6718752ED11E2800E3660F /* AriumWatch Watch AppTests */,
			);
			name = "AriumWatch Watch AppTests";
			packageProductDependencies = (
			);
			productName = "AriumWatch Watch AppTests";
			productReference = 6C6718722ED11E2800E3660F /* AriumWatch Watch AppTests.xctest */;
			productType = "com.apple.product-type.bundle.unit-test";
		};
		6C67187B2ED11E2800E3660F /* AriumWatch Watch AppUITests */ = {
			isa = PBXNativeTarget;
			buildConfigurationList = 6C67188E2ED11E2800E3660F /* Build configuration list for PBXNativeTarget "AriumWatch Watch AppUITests" */;
			buildPhases = (
				6C6718782ED11E2800E3660F /* Sources */,
				6C6718792ED11E2800E3660F /* Frameworks */,
				6C67187A2ED11E2800E3660F /* Resources */,
			);
			buildRules = (
			);
			dependencies = (
				6C67187E2ED11E2800E3660F /* PBXTargetDependency */,
			);
			fileSystemSynchronizedGroups = (
				6C67187F2ED11E2800E3660F /* AriumWatch Watch AppUITests */,
			);
			name = "AriumWatch Watch AppUITests";
			packageProductDependencies = (
			);
			productName = "AriumWatch Watch AppUITests";
			productReference = 6C67187C2ED11E2800E3660F /* AriumWatch Watch AppUITests.xctest */;
			productType = "com.apple.product-type.bundle.ui-testing";
		};
/* End PBXNativeTarget section */

/* Begin PBXProject section */
		6C6717AF2ED0FC7800E3660F /* Project object */ = {
			isa = PBXProject;
			attributes = {
				BuildIndependentTargetsInParallel = 1;
				LastSwiftUpdateCheck = 2610;
				LastUpgradeCheck = 2610;
				TargetAttributes = {
					6C23B0722ED4E122008036DF = {
						CreatedOnToolsVersion = 26.1.1;
					};
					6C6717B62ED0FC7800E3660F = {
						CreatedOnToolsVersion = 16.4;
						SystemCapabilities = {
							com.apple.BackgroundModes = {
								enabled = 1;
							};
							com.apple.Push = {
								enabled = 1;
							};
							com.apple.iCloud = {
								enabled = 1;
							};
						};
					};
					6C6717C32ED0FC7900E3660F = {
						CreatedOnToolsVersion = 16.4;
						TestTargetID = 6C6717B62ED0FC7800E3660F;
					};
					6C6717CD2ED0FC7900E3660F = {
						CreatedOnToolsVersion = 16.4;
						TestTargetID = 6C6717B62ED0FC7800E3660F;
					};
					6C6718402ED11D0900E3660F = {
						CreatedOnToolsVersion = 16.4;
					};
					6C67185D2ED11E2700E3660F = {
						CreatedOnToolsVersion = 16.4;
					};
					6C6718622ED11E2700E3660F = {
						CreatedOnToolsVersion = 16.4;
					};
					6C6718712ED11E2800E3660F = {
						CreatedOnToolsVersion = 16.4;
						TestTargetID = 6C6718622ED11E2700E3660F;
					};
					6C67187B2ED11E2800E3660F = {
						CreatedOnToolsVersion = 16.4;
						TestTargetID = 6C6718622ED11E2700E3660F;
					};
				};
			};
			buildConfigurationList = 6C6717B22ED0FC7800E3660F /* Build configuration list for PBXProject "Arium" */;
			developmentRegion = en;
			hasScannedForEncodings = 0;
			knownRegions = (
				en,
				Base,
			);
			mainGroup = 6C6717AE2ED0FC7800E3660F;
			minimizedProjectReferenceProxies = 1;
			packageReferences = (
				6C3BDA492EECB7D100209295 /* XCRemoteSwiftPackageReference "lottie-spm" */,
			);
			preferredProjectObjectVersion = 77;
			productRefGroup = 6C6717B82ED0FC7800E3660F /* Products */;
			projectDirPath = "";
			projectRoot = "";
			targets = (
				6C6717B62ED0FC7800E3660F /* Arium */,
				6C6717C32ED0FC7900E3660F /* AriumTests */,
				6C6717CD2ED0FC7900E3660F /* AriumUITests */,
				6C6718402ED11D0900E3660F /* AriumWidgetExtension */,
				6C67185D2ED11E2700E3660F /* AriumWatch */,
				6C6718622ED11E2700E3660F /* AriumWatch Watch App */,
				6C6718712ED11E2800E3660F /* AriumWatch Watch AppTests */,
				6C67187B2ED11E2800E3660F /* AriumWatch Watch AppUITests */,
				6C23B0722ED4E122008036DF /* AriumWatchWidgetExtension */,
			);
		};
/* End PBXProject section */

/* Begin PBXResourcesBuildPhase section */
		6C23B0712ED4E122008036DF /* Resources */ = {
			isa = PBXResourcesBuildPhase;
			buildActionMask = 2147483647;
			files = (
			);
			runOnlyForDeploymentPostprocessing = 0;
		};
		6C6717B52ED0FC7800E3660F /* Resources */ = {
			isa = PBXResourcesBuildPhase;
			buildActionMask = 2147483647;
			files = (
				6C3F9E512ED3BF2600C352F8 /* AriumStoreKit.storekit in Resources */,
			);
			runOnlyForDeploymentPostprocessing = 0;
		};
		6C6717C22ED0FC7900E3660F /* Resources */ = {
			isa = PBXResourcesBuildPhase;
			buildActionMask = 2147483647;
			files = (
			);
			runOnlyForDeploymentPostprocessing = 0;
		};
		6C6717CC2ED0FC7900E3660F /* Resources */ = {
			isa = PBXResourcesBuildPhase;
			buildActionMask = 2147483647;
			files = (
			);
			runOnlyForDeploymentPostprocessing = 0;
		};
		6C67183F2ED11D0900E3660F /* Resources */ = {
			isa = PBXResourcesBuildPhase;
			buildActionMask = 2147483647;
			files = (
			);
			runOnlyForDeploymentPostprocessing = 0;
		};
		6C67185C2ED11E2700E3660F /* Resources */ = {
			isa = PBXResourcesBuildPhase;
			buildActionMask = 2147483647;
			files = (
			);
			runOnlyForDeploymentPostprocessing = 0;
		};
		6C6718612ED11E2700E3660F /* Resources */ = {
			isa = PBXResourcesBuildPhase;
			buildActionMask = 2147483647;
			files = (
			);
			runOnlyForDeploymentPostprocessing = 0;
		};
		6C6718702ED11E2800E3660F /* Resources */ = {
			isa = PBXResourcesBuildPhase;
			buildActionMask = 2147483647;
			files = (
			);
			runOnlyForDeploymentPostprocessing = 0;
		};
		6C67187A2ED11E2800E3660F /* Resources */ = {
			isa = PBXResourcesBuildPhase;
			buildActionMask = 2147483647;
			files = (
			);
			runOnlyForDeploymentPostprocessing = 0;
		};
/* End PBXResourcesBuildPhase section */

/* Begin PBXSourcesBuildPhase section */
		6C23B06F2ED4E122008036DF /* Sources */ = {
			isa = PBXSourcesBuildPhase;
			buildActionMask = 2147483647;
			files = (
			);
			runOnlyForDeploymentPostprocessing = 0;
		};
		6C6717B32ED0FC7800E3660F /* Sources */ = {
			isa = PBXSourcesBuildPhase;
			buildActionMask = 2147483647;
			files = (
			);
			runOnlyForDeploymentPostprocessing = 0;
		};
		6C6717C02ED0FC7900E3660F /* Sources */ = {
			isa = PBXSourcesBuildPhase;
			buildActionMask = 2147483647;
			files = (
			);
			runOnlyForDeploymentPostprocessing = 0;
		};
		6C6717CA2ED0FC7900E3660F /* Sources */ = {
			isa = PBXSourcesBuildPhase;
			buildActionMask = 2147483647;
			files = (
			);
			runOnlyForDeploymentPostprocessing = 0;
		};
		6C67183D2ED11D0900E3660F /* Sources */ = {
			isa = PBXSourcesBuildPhase;
			buildActionMask = 2147483647;
			files = (
			);
			runOnlyForDeploymentPostprocessing = 0;
		};
		6C67185F2ED11E2700E3660F /* Sources */ = {
			isa = PBXSourcesBuildPhase;
			buildActionMask = 2147483647;
			files = (
			);
			runOnlyForDeploymentPostprocessing = 0;
		};
		6C67186E2ED11E2800E3660F /* Sources */ = {
			isa = PBXSourcesBuildPhase;
			buildActionMask = 2147483647;
			files = (
			);
			runOnlyForDeploymentPostprocessing = 0;
		};
		6C6718782ED11E2800E3660F /* Sources */ = {
			isa = PBXSourcesBuildPhase;
			buildActionMask = 2147483647;
			files = (
			);
			runOnlyForDeploymentPostprocessing = 0;
		};
/* End PBXSourcesBuildPhase section */

/* Begin PBXTargetDependency section */
		6C23B0812ED4E123008036DF /* PBXTargetDependency */ = {
			isa = PBXTargetDependency;
			target = 6C23B0722ED4E122008036DF /* AriumWatchWidgetExtension */;
			targetProxy = 6C23B0802ED4E123008036DF /* PBXContainerItemProxy */;
		};
		6C5C415F2ED39E0700332FC9 /* PBXTargetDependency */ = {
			isa = PBXTargetDependency;
			target = 6C6718402ED11D0900E3660F /* AriumWidgetExtension */;
			targetProxy = 6C5C415E2ED39E0700332FC9 /* PBXContainerItemProxy */;
		};
		6C6717C62ED0FC7900E3660F /* PBXTargetDependency */ = {
			isa = PBXTargetDependency;
			target = 6C6717B62ED0FC7800E3660F /* Arium */;
			targetProxy = 6C6717C52ED0FC7900E3660F /* PBXContainerItemProxy */;
		};
		6C6717D02ED0FC7900E3660F /* PBXTargetDependency */ = {
			isa = PBXTargetDependency;
			target = 6C6717B62ED0FC7800E3660F /* Arium */;
			targetProxy = 6C6717CF2ED0FC7900E3660F /* PBXContainerItemProxy */;
		};
		6C6718662ED11E2700E3660F /* PBXTargetDependency */ = {
			isa = PBXTargetDependency;
			target = 6C6718622ED11E2700E3660F /* AriumWatch Watch App */;
			targetProxy = 6C6718652ED11E2700E3660F /* PBXContainerItemProxy */;
		};
		6C6718742ED11E2800E3660F /* PBXTargetDependency */ = {
			isa = PBXTargetDependency;
			target = 6C6718622ED11E2700E3660F /* AriumWatch Watch App */;
			targetProxy = 6C6718732ED11E2800E3660F /* PBXContainerItemProxy */;
		};
		6C67187E2ED11E2800E3660F /* PBXTargetDependency */ = {
			isa = PBXTargetDependency;
			target = 6C6718622ED11E2700E3660F /* AriumWatch Watch App */;
			targetProxy = 6C67187D2ED11E2800E3660F /* PBXContainerItemProxy */;
		};
		6C671E912ED2592E00E3660F /* PBXTargetDependency */ = {
			isa = PBXTargetDependency;
			target = 6C6718622ED11E2700E3660F /* AriumWatch Watch App */;
			targetProxy = 6C671E902ED2592E00E3660F /* PBXContainerItemProxy */;
		};
		6C671E942ED2593900E3660F /* PBXTargetDependency */ = {
			isa = PBXTargetDependency;
			target = 6C6718622ED11E2700E3660F /* AriumWatch Watch App */;
			targetProxy = 6C671E932ED2593900E3660F /* PBXContainerItemProxy */;
		};
		6C671E962ED2594900E3660F /* PBXTargetDependency */ = {
			isa = PBXTargetDependency;
			target = 6C6718622ED11E2700E3660F /* AriumWatch Watch App */;
			targetProxy = 6C671E952ED2594900E3660F /* PBXContainerItemProxy */;
		};
/* End PBXTargetDependency section */

/* Begin XCBuildConfiguration section */
		6C23B0842ED4E123008036DF /* Debug */ = {
			isa = XCBuildConfiguration;
			buildSettings = {
				ASSETCATALOG_COMPILER_GLOBAL_ACCENT_COLOR_NAME = AccentColor;
				ASSETCATALOG_COMPILER_WIDGET_BACKGROUND_COLOR_NAME = WidgetBackground;
				CODE_SIGN_ENTITLEMENTS = AriumWatchWidgetExtension.entitlements;
				CODE_SIGN_STYLE = Automatic;
				CURRENT_PROJECT_VERSION = 1;
				DEVELOPMENT_TEAM = M3CJJTMW7W;
				GENERATE_INFOPLIST_FILE = NO;
				INFOPLIST_FILE = "AriumWatchWidget Extension/Info.plist";
				INFOPLIST_KEY_CFBundleDisplayName = "AriumWatchWidget Extension";
				INFOPLIST_KEY_NSHumanReadableCopyright = "";
				LD_RUNPATH_SEARCH_PATHS = (
					"$(inherited)",
					"@executable_path/Frameworks",
					"@executable_path/../../Frameworks",
					"@executable_path/../../../../Frameworks",
				);
				MARKETING_VERSION = 2.0.1;
				PRODUCT_BUNDLE_IDENTIFIER = zorbey.Arium.watchkitapp.AriumWatchWidget;
				PRODUCT_NAME = "$(TARGET_NAME)";
				SDKROOT = watchos;
				SKIP_INSTALL = YES;
				STRING_CATALOG_GENERATE_SYMBOLS = YES;
				SUPPORTED_PLATFORMS = "watchos watchsimulator";
				SUPPORTS_MACCATALYST = NO;
				SWIFT_APPROACHABLE_CONCURRENCY = YES;
				SWIFT_EMIT_LOC_STRINGS = YES;
				SWIFT_UPCOMING_FEATURE_MEMBER_IMPORT_VISIBILITY = YES;
				SWIFT_VERSION = 5.0;
				TARGETED_DEVICE_FAMILY = 4;
				WATCHOS_DEPLOYMENT_TARGET = 10.0;
			};
			name = Debug;
		};
		6C23B0852ED4E123008036DF /* Release */ = {
			isa = XCBuildConfiguration;
			buildSettings = {
				ASSETCATALOG_COMPILER_GLOBAL_ACCENT_COLOR_NAME = AccentColor;
				ASSETCATALOG_COMPILER_WIDGET_BACKGROUND_COLOR_NAME = WidgetBackground;
				CODE_SIGN_ENTITLEMENTS = AriumWatchWidgetExtension.entitlements;
				CODE_SIGN_STYLE = Automatic;
				CURRENT_PROJECT_VERSION = 1;
				DEVELOPMENT_TEAM = M3CJJTMW7W;
				GENERATE_INFOPLIST_FILE = NO;
				INFOPLIST_FILE = "AriumWatchWidget Extension/Info.plist";
				INFOPLIST_KEY_CFBundleDisplayName = "AriumWatchWidget Extension";
				INFOPLIST_KEY_NSHumanReadableCopyright = "";
				LD_RUNPATH_SEARCH_PATHS = (
					"$(inherited)",
					"@executable_path/Frameworks",
					"@executable_path/../../Frameworks",
					"@executable_path/../../../../Frameworks",
				);
				MARKETING_VERSION = 2.0.1;
				PRODUCT_BUNDLE_IDENTIFIER = zorbey.Arium.watchkitapp.AriumWatchWidget;
				PRODUCT_NAME = "$(TARGET_NAME)";
				SDKROOT = watchos;
				SKIP_INSTALL = YES;
				STRING_CATALOG_GENERATE_SYMBOLS = YES;
				SUPPORTED_PLATFORMS = "watchos watchsimulator";
				SUPPORTS_MACCATALYST = NO;
				SWIFT_APPROACHABLE_CONCURRENCY = YES;
				SWIFT_EMIT_LOC_STRINGS = YES;
				SWIFT_UPCOMING_FEATURE_MEMBER_IMPORT_VISIBILITY = YES;
				SWIFT_VERSION = 5.0;
				TARGETED_DEVICE_FAMILY = 4;
				WATCHOS_DEPLOYMENT_TARGET = 10.0;
			};
			name = Release;
		};
		6C6717D62ED0FC7900E3660F /* Debug */ = {
			isa = XCBuildConfiguration;
			buildSettings = {
				ALWAYS_SEARCH_USER_PATHS = NO;
				ASSETCATALOG_COMPILER_GENERATE_SWIFT_ASSET_SYMBOL_EXTENSIONS = YES;
				CLANG_ANALYZER_NONNULL = YES;
				CLANG_ANALYZER_NUMBER_OBJECT_CONVERSION = YES_AGGRESSIVE;
				CLANG_CXX_LANGUAGE_STANDARD = "gnu++20";
				CLANG_ENABLE_MODULES = YES;
				CLANG_ENABLE_OBJC_ARC = YES;
				CLANG_ENABLE_OBJC_WEAK = YES;
				CLANG_WARN_BLOCK_CAPTURE_AUTORELEASING = YES;
				CLANG_WARN_BOOL_CONVERSION = YES;
				CLANG_WARN_COMMA = YES;
				CLANG_WARN_CONSTANT_CONVERSION = YES;
				CLANG_WARN_DEPRECATED_OBJC_IMPLEMENTATIONS = YES;
				CLANG_WARN_DIRECT_OBJC_ISA_USAGE = YES_ERROR;
				CLANG_WARN_DOCUMENTATION_COMMENTS = YES;
				CLANG_WARN_EMPTY_BODY = YES;
				CLANG_WARN_ENUM_CONVERSION = YES;
				CLANG_WARN_INFINITE_RECURSION = YES;
				CLANG_WARN_INT_CONVERSION = YES;
				CLANG_WARN_NON_LITERAL_NULL_CONVERSION = YES;
				CLANG_WARN_OBJC_IMPLICIT_RETAIN_SELF = YES;
				CLANG_WARN_OBJC_LITERAL_CONVERSION = YES;
				CLANG_WARN_OBJC_ROOT_CLASS = YES_ERROR;
				CLANG_WARN_QUOTED_INCLUDE_IN_FRAMEWORK_HEADER = YES;
				CLANG_WARN_RANGE_LOOP_ANALYSIS = YES;
				CLANG_WARN_STRICT_PROTOTYPES = YES;
				CLANG_WARN_SUSPICIOUS_MOVE = YES;
				CLANG_WARN_UNGUARDED_AVAILABILITY = YES_AGGRESSIVE;
				CLANG_WARN_UNREACHABLE_CODE = YES;
				CLANG_WARN__DUPLICATE_METHOD_MATCH = YES;
				COPY_PHASE_STRIP = NO;
				DEBUG_INFORMATION_FORMAT = dwarf;
				ENABLE_STRICT_OBJC_MSGSEND = YES;
				ENABLE_TESTABILITY = YES;
				ENABLE_USER_SCRIPT_SANDBOXING = YES;
				GCC_C_LANGUAGE_STANDARD = gnu17;
				GCC_DYNAMIC_NO_PIC = NO;
				GCC_NO_COMMON_BLOCKS = YES;
				GCC_OPTIMIZATION_LEVEL = 0;
				GCC_PREPROCESSOR_DEFINITIONS = (
					"DEBUG=1",
					"$(inherited)",
				);
				GCC_WARN_64_TO_32_BIT_CONVERSION = YES;
				GCC_WARN_ABOUT_RETURN_TYPE = YES_ERROR;
				GCC_WARN_UNDECLARED_SELECTOR = YES;
				GCC_WARN_UNINITIALIZED_AUTOS = YES_AGGRESSIVE;
				GCC_WARN_UNUSED_FUNCTION = YES;
				GCC_WARN_UNUSED_VARIABLE = YES;
				IPHONEOS_DEPLOYMENT_TARGET = 18.5;
				LOCALIZATION_PREFERS_STRING_CATALOGS = YES;
				MTL_ENABLE_DEBUG_INFO = INCLUDE_SOURCE;
				MTL_FAST_MATH = YES;
				ONLY_ACTIVE_ARCH = YES;
				SDKROOT = iphoneos;
				STRING_CATALOG_GENERATE_SYMBOLS = YES;
				SWIFT_ACTIVE_COMPILATION_CONDITIONS = "DEBUG $(inherited)";
				SWIFT_OPTIMIZATION_LEVEL = "-Onone";
			};
			name = Debug;
		};
		6C6717D72ED0FC7900E3660F /* Release */ = {
			isa = XCBuildConfiguration;
			buildSettings = {
				ALWAYS_SEARCH_USER_PATHS = NO;
				ASSETCATALOG_COMPILER_GENERATE_SWIFT_ASSET_SYMBOL_EXTENSIONS = YES;
				CLANG_ANALYZER_NONNULL = YES;
				CLANG_ANALYZER_NUMBER_OBJECT_CONVERSION = YES_AGGRESSIVE;
				CLANG_CXX_LANGUAGE_STANDARD = "gnu++20";
				CLANG_ENABLE_MODULES = YES;
				CLANG_ENABLE_OBJC_ARC = YES;
				CLANG_ENABLE_OBJC_WEAK = YES;
				CLANG_WARN_BLOCK_CAPTURE_AUTORELEASING = YES;
				CLANG_WARN_BOOL_CONVERSION = YES;
				CLANG_WARN_COMMA = YES;
				CLANG_WARN_CONSTANT_CONVERSION = YES;
				CLANG_WARN_DEPRECATED_OBJC_IMPLEMENTATIONS = YES;
				CLANG_WARN_DIRECT_OBJC_ISA_USAGE = YES_ERROR;
				CLANG_WARN_DOCUMENTATION_COMMENTS = YES;
				CLANG_WARN_EMPTY_BODY = YES;
				CLANG_WARN_ENUM_CONVERSION = YES;
				CLANG_WARN_INFINITE_RECURSION = YES;
				CLANG_WARN_INT_CONVERSION = YES;
				CLANG_WARN_NON_LITERAL_NULL_CONVERSION = YES;
				CLANG_WARN_OBJC_IMPLICIT_RETAIN_SELF = YES;
				CLANG_WARN_OBJC_LITERAL_CONVERSION = YES;
				CLANG_WARN_OBJC_ROOT_CLASS = YES_ERROR;
				CLANG_WARN_QUOTED_INCLUDE_IN_FRAMEWORK_HEADER = YES;
				CLANG_WARN_RANGE_LOOP_ANALYSIS = YES;
				CLANG_WARN_STRICT_PROTOTYPES = YES;
				CLANG_WARN_SUSPICIOUS_MOVE = YES;
				CLANG_WARN_UNGUARDED_AVAILABILITY = YES_AGGRESSIVE;
				CLANG_WARN_UNREACHABLE_CODE = YES;
				CLANG_WARN__DUPLICATE_METHOD_MATCH = YES;
				COPY_PHASE_STRIP = NO;
				DEBUG_INFORMATION_FORMAT = "dwarf-with-dsym";
				ENABLE_NS_ASSERTIONS = NO;
				ENABLE_STRICT_OBJC_MSGSEND = YES;
				ENABLE_USER_SCRIPT_SANDBOXING = YES;
				GCC_C_LANGUAGE_STANDARD = gnu17;
				GCC_NO_COMMON_BLOCKS = YES;
				GCC_WARN_64_TO_32_BIT_CONVERSION = YES;
				GCC_WARN_ABOUT_RETURN_TYPE = YES_ERROR;
				GCC_WARN_UNDECLARED_SELECTOR = YES;
				GCC_WARN_UNINITIALIZED_AUTOS = YES_AGGRESSIVE;
				GCC_WARN_UNUSED_FUNCTION = YES;
				GCC_WARN_UNUSED_VARIABLE = YES;
				IPHONEOS_DEPLOYMENT_TARGET = 18.5;
				LOCALIZATION_PREFERS_STRING_CATALOGS = YES;
				MTL_ENABLE_DEBUG_INFO = NO;
				MTL_FAST_MATH = YES;
				SDKROOT = iphoneos;
				STRING_CATALOG_GENERATE_SYMBOLS = YES;
				SWIFT_COMPILATION_MODE = wholemodule;
				VALIDATE_PRODUCT = YES;
			};
			name = Release;
		};
		6C6717D92ED0FC7900E3660F /* Debug */ = {
			isa = XCBuildConfiguration;
			buildSettings = {
				ASSETCATALOG_COMPILER_APPICON_NAME = AppIcon;
				ASSETCATALOG_COMPILER_GLOBAL_ACCENT_COLOR_NAME = AccentColor;
				CODE_SIGN_ENTITLEMENTS = Arium/AriumDebug.entitlements;
				"CODE_SIGN_ENTITLEMENTS[sdk=*]" = Arium/Arium.entitlements;
				CODE_SIGN_IDENTITY = "Apple Development";
				CODE_SIGN_STYLE = Automatic;
				CURRENT_PROJECT_VERSION = 1;
				DEVELOPMENT_TEAM = M3CJJTMW7W;
				ENABLE_PREVIEWS = YES;
				GENERATE_INFOPLIST_FILE = YES;
				INFOPLIST_KEY_APP_STORE_ID = "";
				INFOPLIST_KEY_CFBundleDisplayName = Arium;
				INFOPLIST_KEY_ITSAppUsesNonExemptEncryption = NO;
				INFOPLIST_KEY_LSApplicationCategoryType = "public.app-category.lifestyle";
				INFOPLIST_KEY_NSHealthShareUsageDescription = "Health data access is required to automatically complete your habits with Apple Health data.";
				INFOPLIST_KEY_NSHealthUpdateUsageDescription = "Health data access is required to automatically complete your habits with Apple Health data.";
				INFOPLIST_KEY_NSSupportsLiveActivities = YES;
				INFOPLIST_KEY_NSUserNotificationsUsageDescription = "Notification permission is required for habit reminders.";
				INFOPLIST_KEY_UIAppFonts = "DancingScript-VariableFont_wght.ttf";
				INFOPLIST_KEY_UIApplicationSceneManifest_Generation = YES;
				INFOPLIST_KEY_UIApplicationSupportsIndirectInputEvents = YES;
				INFOPLIST_KEY_UIBackgroundModes = "remote-notification";
				INFOPLIST_KEY_UILaunchScreen_Generation = YES;
				INFOPLIST_KEY_UISupportedInterfaceOrientations_iPad = "UIInterfaceOrientationPortrait UIInterfaceOrientationPortraitUpsideDown UIInterfaceOrientationLandscapeLeft UIInterfaceOrientationLandscapeRight";
				INFOPLIST_KEY_UISupportedInterfaceOrientations_iPhone = "UIInterfaceOrientationPortrait UIInterfaceOrientationLandscapeLeft UIInterfaceOrientationLandscapeRight";
				LD_RUNPATH_SEARCH_PATHS = (
					"$(inherited)",
					"@executable_path/Frameworks",
				);
				MARKETING_VERSION = 2.0.1;
				PRODUCT_BUNDLE_IDENTIFIER = zorbey.Arium;
				PRODUCT_NAME = "$(TARGET_NAME)";
				PROVISIONING_PROFILE_SPECIFIER = "";
				SWIFT_EMIT_LOC_STRINGS = YES;
				SWIFT_VERSION = 5.0;
				TARGETED_DEVICE_FAMILY = "1,2";
			};
			name = Debug;
		};
		6C6717DA2ED0FC7900E3660F /* Release */ = {
			isa = XCBuildConfiguration;
			buildSettings = {
				ASSETCATALOG_COMPILER_APPICON_NAME = AppIcon;
				ASSETCATALOG_COMPILER_GLOBAL_ACCENT_COLOR_NAME = AccentColor;
				"CODE_SIGN_ENTITLEMENTS[sdk=*]" = Arium/Arium.entitlements;
				CODE_SIGN_IDENTITY = "Apple Development";
				CODE_SIGN_STYLE = Automatic;
				CURRENT_PROJECT_VERSION = 1;
				DEVELOPMENT_TEAM = M3CJJTMW7W;
				ENABLE_PREVIEWS = YES;
				GENERATE_INFOPLIST_FILE = YES;
				INFOPLIST_KEY_APP_STORE_ID = "";
				INFOPLIST_KEY_CFBundleDisplayName = Arium;
				INFOPLIST_KEY_ITSAppUsesNonExemptEncryption = NO;
				INFOPLIST_KEY_LSApplicationCategoryType = "public.app-category.lifestyle";
				INFOPLIST_KEY_NSHealthShareUsageDescription = "Health data access is required to automatically complete your habits with Apple Health data.";
				INFOPLIST_KEY_NSHealthUpdateUsageDescription = "Health data access is required to automatically complete your habits with Apple Health data.";
				INFOPLIST_KEY_NSSupportsLiveActivities = YES;
				INFOPLIST_KEY_NSUserNotificationsUsageDescription = "Notification permission is required for habit reminders.";
				INFOPLIST_KEY_UIAppFonts = "DancingScript-VariableFont_wght.ttf";
				INFOPLIST_KEY_UIApplicationSceneManifest_Generation = YES;
				INFOPLIST_KEY_UIApplicationSupportsIndirectInputEvents = YES;
				INFOPLIST_KEY_UIBackgroundModes = "remote-notification";
				INFOPLIST_KEY_UILaunchScreen_Generation = YES;
				INFOPLIST_KEY_UISupportedInterfaceOrientations_iPad = "UIInterfaceOrientationPortrait UIInterfaceOrientationPortraitUpsideDown UIInterfaceOrientationLandscapeLeft UIInterfaceOrientationLandscapeRight";
				INFOPLIST_KEY_UISupportedInterfaceOrientations_iPhone = "UIInterfaceOrientationPortrait UIInterfaceOrientationLandscapeLeft UIInterfaceOrientationLandscapeRight";
				LD_RUNPATH_SEARCH_PATHS = (
					"$(inherited)",
					"@executable_path/Frameworks",
				);
				MARKETING_VERSION = 2.0.1;
				PRODUCT_BUNDLE_IDENTIFIER = zorbey.Arium;
				PRODUCT_NAME = "$(TARGET_NAME)";
				PROVISIONING_PROFILE_SPECIFIER = "";
				SWIFT_EMIT_LOC_STRINGS = YES;
				SWIFT_VERSION = 5.0;
				TARGETED_DEVICE_FAMILY = "1,2";
			};
			name = Release;
		};
		6C6717DC2ED0FC7900E3660F /* Debug */ = {
			isa = XCBuildConfiguration;
			buildSettings = {
				BUNDLE_LOADER = "$(TEST_HOST)";
				CODE_SIGN_STYLE = Automatic;
				CURRENT_PROJECT_VERSION = 1;
				GENERATE_INFOPLIST_FILE = YES;
				IPHONEOS_DEPLOYMENT_TARGET = 18.5;
				MARKETING_VERSION = 2.0.1;
				PRODUCT_BUNDLE_IDENTIFIER = zorbey.AriumTests;
				PRODUCT_NAME = "$(TARGET_NAME)";
				SWIFT_EMIT_LOC_STRINGS = NO;
				SWIFT_VERSION = 5.0;
				TARGETED_DEVICE_FAMILY = "1,2";
				TEST_HOST = "$(BUILT_PRODUCTS_DIR)/Arium.app/$(BUNDLE_EXECUTABLE_FOLDER_PATH)/Arium";
			};
			name = Debug;
		};
		6C6717DD2ED0FC7900E3660F /* Release */ = {
			isa = XCBuildConfiguration;
			buildSettings = {
				BUNDLE_LOADER = "$(TEST_HOST)";
				CODE_SIGN_STYLE = Automatic;
				CURRENT_PROJECT_VERSION = 1;
				GENERATE_INFOPLIST_FILE = YES;
				IPHONEOS_DEPLOYMENT_TARGET = 18.5;
				MARKETING_VERSION = 2.0.1;
				PRODUCT_BUNDLE_IDENTIFIER = zorbey.AriumTests;
				PRODUCT_NAME = "$(TARGET_NAME)";
				SWIFT_EMIT_LOC_STRINGS = NO;
				SWIFT_VERSION = 5.0;
				TARGETED_DEVICE_FAMILY = "1,2";
				TEST_HOST = "$(BUILT_PRODUCTS_DIR)/Arium.app/$(BUNDLE_EXECUTABLE_FOLDER_PATH)/Arium";
			};
			name = Release;
		};
		6C6717DF2ED0FC7900E3660F /* Debug */ = {
			isa = XCBuildConfiguration;
			buildSettings = {
				CODE_SIGN_STYLE = Automatic;
				CURRENT_PROJECT_VERSION = 1;
				GENERATE_INFOPLIST_FILE = YES;
				MARKETING_VERSION = 2.0.1;
				PRODUCT_BUNDLE_IDENTIFIER = zorbey.AriumUITests;
				PRODUCT_NAME = "$(TARGET_NAME)";
				SWIFT_EMIT_LOC_STRINGS = NO;
				SWIFT_VERSION = 5.0;
				TARGETED_DEVICE_FAMILY = "1,2";
				TEST_TARGET_NAME = Arium;
			};
			name = Debug;
		};
		6C6717E02ED0FC7900E3660F /* Release */ = {
			isa = XCBuildConfiguration;
			buildSettings = {
				CODE_SIGN_STYLE = Automatic;
				CURRENT_PROJECT_VERSION = 1;
				GENERATE_INFOPLIST_FILE = YES;
				MARKETING_VERSION = 2.0.1;
				PRODUCT_BUNDLE_IDENTIFIER = zorbey.AriumUITests;
				PRODUCT_NAME = "$(TARGET_NAME)";
				SWIFT_EMIT_LOC_STRINGS = NO;
				SWIFT_VERSION = 5.0;
				TARGETED_DEVICE_FAMILY = "1,2";
				TEST_TARGET_NAME = Arium;
			};
			name = Release;
		};
		6C6718582ED11D0A00E3660F /* Debug */ = {
			isa = XCBuildConfiguration;
			buildSettings = {
				ASSETCATALOG_COMPILER_GLOBAL_ACCENT_COLOR_NAME = AccentColor;
				ASSETCATALOG_COMPILER_WIDGET_BACKGROUND_COLOR_NAME = WidgetBackground;
				"CODE_SIGN_ENTITLEMENTS[sdk=*]" = AriumWidget/AriumWidget.entitlements;
				CODE_SIGN_IDENTITY = "Apple Development";
				CODE_SIGN_STYLE = Automatic;
				CURRENT_PROJECT_VERSION = 1;
				DEVELOPMENT_TEAM = M3CJJTMW7W;
				GENERATE_INFOPLIST_FILE = NO;
				INFOPLIST_FILE = AriumWidget/Info.plist;
				INFOPLIST_KEY_CFBundleDisplayName = AriumWidget;
				INFOPLIST_KEY_NSHumanReadableCopyright = "";
				LD_RUNPATH_SEARCH_PATHS = (
					"$(inherited)",
					"@executable_path/Frameworks",
					"@executable_path/../../Frameworks",
				);
				MARKETING_VERSION = 2.0.1;
				PRODUCT_BUNDLE_IDENTIFIER = zorbey.Arium.AriumWidget;
				PRODUCT_NAME = "$(TARGET_NAME)";
				PROVISIONING_PROFILE_SPECIFIER = "";
				SKIP_INSTALL = YES;
				SUPPORTED_PLATFORMS = "iphoneos iphonesimulator";
				SUPPORTS_MACCATALYST = NO;
				SWIFT_EMIT_LOC_STRINGS = YES;
				SWIFT_VERSION = 5.0;
				TARGETED_DEVICE_FAMILY = "1,2";
			};
			name = Debug;
		};
		6C6718592ED11D0A00E3660F /* Release */ = {
			isa = XCBuildConfiguration;
			buildSettings = {
				ASSETCATALOG_COMPILER_GLOBAL_ACCENT_COLOR_NAME = AccentColor;
				ASSETCATALOG_COMPILER_WIDGET_BACKGROUND_COLOR_NAME = WidgetBackground;
				"CODE_SIGN_ENTITLEMENTS[sdk=*]" = AriumWidget/AriumWidget.entitlements;
				CODE_SIGN_IDENTITY = "Apple Development";
				CODE_SIGN_STYLE = Automatic;
				CURRENT_PROJECT_VERSION = 1;
				DEVELOPMENT_TEAM = M3CJJTMW7W;
				GENERATE_INFOPLIST_FILE = NO;
				INFOPLIST_FILE = AriumWidget/Info.plist;
				INFOPLIST_KEY_CFBundleDisplayName = AriumWidget;
				INFOPLIST_KEY_NSHumanReadableCopyright = "";
				LD_RUNPATH_SEARCH_PATHS = (
					"$(inherited)",
					"@executable_path/Frameworks",
					"@executable_path/../../Frameworks",
				);
				MARKETING_VERSION = 2.0.1;
				PRODUCT_BUNDLE_IDENTIFIER = zorbey.Arium.AriumWidget;
				PRODUCT_NAME = "$(TARGET_NAME)";
				PROVISIONING_PROFILE_SPECIFIER = "";
				SKIP_INSTALL = YES;
				SUPPORTED_PLATFORMS = "iphoneos iphonesimulator";
				SUPPORTS_MACCATALYST = NO;
				SWIFT_EMIT_LOC_STRINGS = YES;
				SWIFT_VERSION = 5.0;
				TARGETED_DEVICE_FAMILY = "1,2";
			};
			name = Release;
		};
		6C6718852ED11E2800E3660F /* Debug */ = {
			isa = XCBuildConfiguration;
			buildSettings = {
				ASSETCATALOG_COMPILER_APPICON_NAME = AppIcon;
				ASSETCATALOG_COMPILER_GLOBAL_ACCENT_COLOR_NAME = AccentColor;
				CODE_SIGN_ENTITLEMENTS = "AriumWatch Watch App/AriumWatch Watch App.entitlements";
				CODE_SIGN_STYLE = Automatic;
				CURRENT_PROJECT_VERSION = 1;
				DEVELOPMENT_TEAM = M3CJJTMW7W;
				ENABLE_PREVIEWS = YES;
				GENERATE_INFOPLIST_FILE = YES;
				INFOPLIST_KEY_CFBundleDisplayName = AriumWatch;
				INFOPLIST_KEY_UISupportedInterfaceOrientations = "UIInterfaceOrientationPortrait UIInterfaceOrientationPortraitUpsideDown";
				INFOPLIST_KEY_WKCompanionAppBundleIdentifier = zorbey.Arium;
				INFOPLIST_KEY_WKWatchKitApp = YES;
				LD_RUNPATH_SEARCH_PATHS = (
					"$(inherited)",
					"@executable_path/Frameworks",
				);
				MARKETING_VERSION = 2.0.1;
				PRODUCT_BUNDLE_IDENTIFIER = zorbey.Arium.watchkitapp;
				PRODUCT_NAME = "$(TARGET_NAME)";
				SDKROOT = watchos;
				SKIP_INSTALL = YES;
				SWIFT_EMIT_LOC_STRINGS = YES;
				SWIFT_VERSION = 5.0;
				TARGETED_DEVICE_FAMILY = 4;
				WATCHOS_DEPLOYMENT_TARGET = 10.0;
			};
			name = Debug;
		};
		6C6718862ED11E2800E3660F /* Release */ = {
			isa = XCBuildConfiguration;
			buildSettings = {
				ASSETCATALOG_COMPILER_APPICON_NAME = AppIcon;
				ASSETCATALOG_COMPILER_GLOBAL_ACCENT_COLOR_NAME = AccentColor;
				CODE_SIGN_ENTITLEMENTS = "AriumWatch Watch App/AriumWatch Watch App.entitlements";
				CODE_SIGN_STYLE = Automatic;
				CURRENT_PROJECT_VERSION = 1;
				DEVELOPMENT_TEAM = M3CJJTMW7W;
				ENABLE_PREVIEWS = YES;
				GENERATE_INFOPLIST_FILE = YES;
				INFOPLIST_KEY_CFBundleDisplayName = AriumWatch;
				INFOPLIST_KEY_UISupportedInterfaceOrientations = "UIInterfaceOrientationPortrait UIInterfaceOrientationPortraitUpsideDown";
				INFOPLIST_KEY_WKCompanionAppBundleIdentifier = zorbey.Arium;
				INFOPLIST_KEY_WKWatchKitApp = YES;
				LD_RUNPATH_SEARCH_PATHS = (
					"$(inherited)",
					"@executable_path/Frameworks",
				);
				MARKETING_VERSION = 2.0.1;
				PRODUCT_BUNDLE_IDENTIFIER = zorbey.Arium.watchkitapp;
				PRODUCT_NAME = "$(TARGET_NAME)";
				SDKROOT = watchos;
				SKIP_INSTALL = YES;
				SWIFT_EMIT_LOC_STRINGS = YES;
				SWIFT_VERSION = 5.0;
				TARGETED_DEVICE_FAMILY = 4;
				WATCHOS_DEPLOYMENT_TARGET = 10.0;
			};
			name = Release;
		};
		6C6718892ED11E2800E3660F /* Debug */ = {
			isa = XCBuildConfiguration;
			buildSettings = {
				"CODE_SIGN_ENTITLEMENTS[sdk=*]" = "AriumWatch Watch App/AriumWatch.entitlements";
				CODE_SIGN_STYLE = Automatic;
				CURRENT_PROJECT_VERSION = 1;
				DEVELOPMENT_TEAM = M3CJJTMW7W;
				INFOPLIST_KEY_CFBundleDisplayName = AriumWatch;
				MARKETING_VERSION = 2.0.1;
				PRODUCT_BUNDLE_IDENTIFIER = zorbey.Arium.AriumWatch;
				PRODUCT_NAME = "$(TARGET_NAME)";
				SWIFT_VERSION = 5.0;
			};
			name = Debug;
		};
		6C67188A2ED11E2800E3660F /* Release */ = {
			isa = XCBuildConfiguration;
			buildSettings = {
				"CODE_SIGN_ENTITLEMENTS[sdk=*]" = "AriumWatch Watch App/AriumWatch.entitlements";
				CODE_SIGN_STYLE = Automatic;
				CURRENT_PROJECT_VERSION = 1;
				DEVELOPMENT_TEAM = M3CJJTMW7W;
				INFOPLIST_KEY_CFBundleDisplayName = AriumWatch;
				MARKETING_VERSION = 2.0.1;
				PRODUCT_BUNDLE_IDENTIFIER = zorbey.Arium.AriumWatch;
				PRODUCT_NAME = "$(TARGET_NAME)";
				SWIFT_VERSION = 5.0;
			};
			name = Release;
		};
		6C67188C2ED11E2800E3660F /* Debug */ = {
			isa = XCBuildConfiguration;
			buildSettings = {
				BUNDLE_LOADER = "$(TEST_HOST)";
				CODE_SIGN_STYLE = Automatic;
				CURRENT_PROJECT_VERSION = 1;
				DEVELOPMENT_TEAM = M3CJJTMW7W;
				GENERATE_INFOPLIST_FILE = YES;
				MARKETING_VERSION = 2.0.1;
				PRODUCT_BUNDLE_IDENTIFIER = "zorbey.Arium.AriumWatch-Watch-AppTests";
				PRODUCT_NAME = "$(TARGET_NAME)";
				SDKROOT = watchos;
				SWIFT_EMIT_LOC_STRINGS = NO;
				SWIFT_VERSION = 5.0;
				TARGETED_DEVICE_FAMILY = 4;
				TEST_HOST = "$(BUILT_PRODUCTS_DIR)/AriumWatch Watch App.app/$(BUNDLE_EXECUTABLE_FOLDER_PATH)/AriumWatch Watch App";
				WATCHOS_DEPLOYMENT_TARGET = 11.5;
			};
			name = Debug;
		};
		6C67188D2ED11E2800E3660F /* Release */ = {
			isa = XCBuildConfiguration;
			buildSettings = {
				BUNDLE_LOADER = "$(TEST_HOST)";
				CODE_SIGN_STYLE = Automatic;
				CURRENT_PROJECT_VERSION = 1;
				DEVELOPMENT_TEAM = M3CJJTMW7W;
				GENERATE_INFOPLIST_FILE = YES;
				MARKETING_VERSION = 2.0.1;
				PRODUCT_BUNDLE_IDENTIFIER = "zorbey.Arium.AriumWatch-Watch-AppTests";
				PRODUCT_NAME = "$(TARGET_NAME)";
				SDKROOT = watchos;
				SWIFT_EMIT_LOC_STRINGS = NO;
				SWIFT_VERSION = 5.0;
				TARGETED_DEVICE_FAMILY = 4;
				TEST_HOST = "$(BUILT_PRODUCTS_DIR)/AriumWatch Watch App.app/$(BUNDLE_EXECUTABLE_FOLDER_PATH)/AriumWatch Watch App";
				WATCHOS_DEPLOYMENT_TARGET = 11.5;
			};
			name = Release;
		};
		6C67188F2ED11E2800E3660F /* Debug */ = {
			isa = XCBuildConfiguration;
			buildSettings = {
				CODE_SIGN_STYLE = Automatic;
				CURRENT_PROJECT_VERSION = 1;
				DEVELOPMENT_TEAM = M3CJJTMW7W;
				GENERATE_INFOPLIST_FILE = YES;
				MARKETING_VERSION = 2.0.1;
				PRODUCT_BUNDLE_IDENTIFIER = "zorbey.Arium.AriumWatch-Watch-AppUITests";
				PRODUCT_NAME = "$(TARGET_NAME)";
				SDKROOT = watchos;
				SWIFT_EMIT_LOC_STRINGS = NO;
				SWIFT_VERSION = 5.0;
				TARGETED_DEVICE_FAMILY = 4;
				TEST_TARGET_NAME = "AriumWatch Watch App";
				WATCHOS_DEPLOYMENT_TARGET = 11.5;
			};
			name = Debug;
		};
		6C6718902ED11E2800E3660F /* Release */ = {
			isa = XCBuildConfiguration;
			buildSettings = {
				CODE_SIGN_STYLE = Automatic;
				CURRENT_PROJECT_VERSION = 1;
				DEVELOPMENT_TEAM = M3CJJTMW7W;
				GENERATE_INFOPLIST_FILE = YES;
				MARKETING_VERSION = 2.0.1;
				PRODUCT_BUNDLE_IDENTIFIER = "zorbey.Arium.AriumWatch-Watch-AppUITests";
				PRODUCT_NAME = "$(TARGET_NAME)";
				SDKROOT = watchos;
				SWIFT_EMIT_LOC_STRINGS = NO;
				SWIFT_VERSION = 5.0;
				TARGETED_DEVICE_FAMILY = 4;
				TEST_TARGET_NAME = "AriumWatch Watch App";
				WATCHOS_DEPLOYMENT_TARGET = 11.5;
			};
			name = Release;
		};
/* End XCBuildConfiguration section */

/* Begin XCConfigurationList section */
		6C23B0862ED4E123008036DF /* Build configuration list for PBXNativeTarget "AriumWatchWidgetExtension" */ = {
			isa = XCConfigurationList;
			buildConfigurations = (
				6C23B0842ED4E123008036DF /* Debug */,
				6C23B0852ED4E123008036DF /* Release */,
			);
			defaultConfigurationIsVisible = 0;
			defaultConfigurationName = Release;
		};
		6C6717B22ED0FC7800E3660F /* Build configuration list for PBXProject "Arium" */ = {
			isa = XCConfigurationList;
			buildConfigurations = (
				6C6717D62ED0FC7900E3660F /* Debug */,
				6C6717D72ED0FC7900E3660F /* Release */,
			);
			defaultConfigurationIsVisible = 0;
			defaultConfigurationName = Release;
		};
		6C6717D82ED0FC7900E3660F /* Build configuration list for PBXNativeTarget "Arium" */ = {
			isa = XCConfigurationList;
			buildConfigurations = (
				6C6717D92ED0FC7900E3660F /* Debug */,
				6C6717DA2ED0FC7900E3660F /* Release */,
			);
			defaultConfigurationIsVisible = 0;
			defaultConfigurationName = Release;
		};
		6C6717DB2ED0FC7900E3660F /* Build configuration list for PBXNativeTarget "AriumTests" */ = {
			isa = XCConfigurationList;
			buildConfigurations = (
				6C6717DC2ED0FC7900E3660F /* Debug */,
				6C6717DD2ED0FC7900E3660F /* Release */,
			);
			defaultConfigurationIsVisible = 0;
			defaultConfigurationName = Release;
		};
		6C6717DE2ED0FC7900E3660F /* Build configuration list for PBXNativeTarget "AriumUITests" */ = {
			isa = XCConfigurationList;
			buildConfigurations = (
				6C6717DF2ED0FC7900E3660F /* Debug */,
				6C6717E02ED0FC7900E3660F /* Release */,
			);
			defaultConfigurationIsVisible = 0;
			defaultConfigurationName = Release;
		};
		6C6718572ED11D0A00E3660F /* Build configuration list for PBXNativeTarget "AriumWidgetExtension" */ = {
			isa = XCConfigurationList;
			buildConfigurations = (
				6C6718582ED11D0A00E3660F /* Debug */,
				6C6718592ED11D0A00E3660F /* Release */,
			);
			defaultConfigurationIsVisible = 0;
			defaultConfigurationName = Release;
		};
		6C6718842ED11E2800E3660F /* Build configuration list for PBXNativeTarget "AriumWatch Watch App" */ = {
			isa = XCConfigurationList;
			buildConfigurations = (
				6C6718852ED11E2800E3660F /* Debug */,
				6C6718862ED11E2800E3660F /* Release */,
			);
			defaultConfigurationIsVisible = 0;
			defaultConfigurationName = Release;
		};
		6C6718882ED11E2800E3660F /* Build configuration list for PBXNativeTarget "AriumWatch" */ = {
			isa = XCConfigurationList;
			buildConfigurations = (
				6C6718892ED11E2800E3660F /* Debug */,
				6C67188A2ED11E2800E3660F /* Release */,
			);
			defaultConfigurationIsVisible = 0;
			defaultConfigurationName = Release;
		};
		6C67188B2ED11E2800E3660F /* Build configuration list for PBXNativeTarget "AriumWatch Watch AppTests" */ = {
			isa = XCConfigurationList;
			buildConfigurations = (
				6C67188C2ED11E2800E3660F /* Debug */,
				6C67188D2ED11E2800E3660F /* Release */,
			);
			defaultConfigurationIsVisible = 0;
			defaultConfigurationName = Release;
		};
		6C67188E2ED11E2800E3660F /* Build configuration list for PBXNativeTarget "AriumWatch Watch AppUITests" */ = {
			isa = XCConfigurationList;
			buildConfigurations = (
				6C67188F2ED11E2800E3660F /* Debug */,
				6C6718902ED11E2800E3660F /* Release */,
			);
			defaultConfigurationIsVisible = 0;
			defaultConfigurationName = Release;
		};
/* End XCConfigurationList section */

/* Begin XCRemoteSwiftPackageReference section */
		6C3BDA492EECB7D100209295 /* XCRemoteSwiftPackageReference "lottie-spm" */ = {
			isa = XCRemoteSwiftPackageReference;
			repositoryURL = "https://github.com/airbnb/lottie-spm";
			requirement = {
				kind = upToNextMajorVersion;
				minimumVersion = 4.5.2;
			};
		};
/* End XCRemoteSwiftPackageReference section */

/* Begin XCSwiftPackageProductDependency section */
		6C3BDA512EECC11E00209295 /* Lottie */ = {
			isa = XCSwiftPackageProductDependency;
			package = 6C3BDA492EECB7D100209295 /* XCRemoteSwiftPackageReference "lottie-spm" */;
			productName = Lottie;
		};
/* End XCSwiftPackageProductDependency section */
	};
	rootObject = 6C6717AF2ED0FC7800E3660F /* Project object */;
}
